
Microsoft Visual Studio Solution File, Format Version 12.00
Project("{FAE04EC0-301F-11D3-BF4B-00C04F79EFBC}") = "VgcCollege.Library", "VgcCollege.Library\VgcCollege.Library.csproj", "{51F49497-EE84-42FA-B521-00E646B63DB4}"
EndProject
Project("{FAE04EC0-301F-11D3-BF4B-00C04F79EFBC}") = "VgcCollege.MVC", "VgcCollege.MVC\VgcCollege.MVC.csproj", "{C73687B5-0329-468B-A584-0A8DE4508F6A}"
EndProject
Project("{FAE04EC0-301F-11D3-BF4B-00C04F79EFBC}") = "VgcCollege.Tests", "VgcCollege.Tests\VgcCollege.Tests.csproj", "{870ECED4-DCEB-4F2C-8388-05C9ED411D1C}"
EndProject
Global
	GlobalSection(SolutionConfigurationPlatforms) = preSolution
		Debug|Any CPU = Debug|Any CPU
		Release|Any CPU = Release|Any CPU
	EndGlobalSection
	GlobalSection(ProjectConfigurationPlatforms) = postSolution
		{51F49497-EE84-42FA-B521-00E646B63DB4}.Debug|Any CPU.ActiveCfg = Debug|Any CPU
		{51F49497-EE84-42FA-B521-00E646B63DB4}.Debug|Any CPU.Build.0 = Debug|Any CPU
		{51F49497-EE84-42FA-B521-00E646B63DB4}.Release|Any CPU.ActiveCfg = Release|Any CPU
		{51F49497-EE84-42FA-B521-00E646B63DB4}.Release|Any CPU.Build.0 = Release|Any CPU
		{C73687B5-0329-468B-A584-0A8DE4508F6A}.Debug|Any CPU.ActiveCfg = Debug|Any CPU
		{C73687B5-0329-468B-A584-0A8DE4508F6A}.Debug|Any CPU.Build.0 = Debug|Any CPU
		{C73687B5-0329-468B-A584-0A8DE4508F6A}.Release|Any CPU.ActiveCfg = Release|Any CPU
		{C73687B5-0329-468B-A584-0A8DE4508F6A}.Release|Any CPU.Build.0 = Release|Any CPU
		{870ECED4-DCEB-4F2C-8388-05C9ED411D1C}.Debug|Any CPU.ActiveCfg = Debug|Any CPU
		{870ECED4-DCEB-4F2C-8388-05C9ED411D1C}.Debug|Any CPU.Build.0 = Debug|Any CPU
		{870ECED4-DCEB-4F2C-8388-05C9ED411D1C}.Release|Any CPU.ActiveCfg = Release|Any CPU
		{870ECED4-DCEB-4F2C-8388-05C9ED411D1C}.Release|Any CPU.Build.0 = Release|Any CPU
	EndGlobalSection
EndGlobal
